
Microsoft Visual Studio Solution File, Format Version 12.00
# Visual Studio Version 16
VisualStudioVersion = 16.0.30413.136
MinimumVisualStudioVersion = 10.0.40219.1
Project("{FAE04EC0-301F-11D3-BF4B-00C04F79EFBC}") = "Prados.Common", "Prados.Common\Prados.Common.csproj", "{2450CAA0-61AF-41BE-BB1E-53D25A29BD24}"
EndProject
Project("{FAE04EC0-301F-11D3-BF4B-00C04F79EFBC}") = "Prados.Web", "Prados.Web\Prados.Web.csproj", "{92DB8BC7-C973-4A5E-8293-567304766892}"
EndProject
Global
	GlobalSection(SolutionConfigurationPlatforms) = preSolution
		Debug|Any CPU = Debug|Any CPU
		Release|Any CPU = Release|Any CPU
	EndGlobalSection
	GlobalSection(ProjectConfigurationPlatforms) = postSolution
		{2450CAA0-61AF-41BE-BB1E-53D25A29BD24}.Debug|Any CPU.ActiveCfg = Debug|Any CPU
		{2450CAA0-61AF-41BE-BB1E-53D25A29BD24}.Debug|Any CPU.Build.0 = Debug|Any CPU
		{2450CAA0-61AF-41BE-BB1E-53D25A29BD24}.Release|Any CPU.ActiveCfg = Release|Any CPU
		{2450CAA0-61AF-41BE-BB1E-53D25A29BD24}.Release|Any CPU.Build.0 = Release|Any CPU
		{92DB8BC7-C973-4A5E-8293-567304766892}.Debug|Any CPU.ActiveCfg = Debug|Any CPU
		{92DB8BC7-C973-4A5E-8293-567304766892}.Debug|Any CPU.Build.0 = Debug|Any CPU
		{92DB8BC7-C973-4A5E-8293-567304766892}.Release|Any CPU.ActiveCfg = Release|Any CPU
		{92DB8BC7-C973-4A5E-8293-567304766892}.Release|Any CPU.Build.0 = Release|Any CPU
	EndGlobalSection
	GlobalSection(SolutionProperties) = preSolution
		HideSolutionNode = FALSE
	EndGlobalSection
	GlobalSection(ExtensibilityGlobals) = postSolution
		SolutionGuid = {7BED2BD3-1BD1-476E-801D-28E77BB2E0C8}
	EndGlobalSection
EndGlobal
