
Microsoft Visual Studio Solution File, Format Version 12.00
# Visual Studio Version 16
VisualStudioVersion = 16.0.30413.136
MinimumVisualStudioVersion = 10.0.40219.1
Project("{9A19103F-16F7-4668-BE54-9A1E7A4F7556}") = "Prados.Common", "Prados.Common\Prados.Common.csproj", "{2450CAA0-61AF-41BE-BB1E-53D25A29BD24}"
EndProject
Project("{9A19103F-16F7-4668-BE54-9A1E7A4F7556}") = "Prados.Web", "Prados.Web\Prados.Web.csproj", "{92DB8BC7-C973-4A5E-8293-567304766892}"
EndProject
Project("{FAE04EC0-301F-11D3-BF4B-00C04F79EFBC}") = "Prados.Prism", "Prados.Prism\Prados.Prism\Prados.Prism.csproj", "{975C8C7C-4B58-42B2-AD23-A9966C02DA08}"
EndProject
Project("{FAE04EC0-301F-11D3-BF4B-00C04F79EFBC}") = "Prados.Prism.Android", "Prados.Prism\Prados.Prism.Android\Prados.Prism.Android.csproj", "{CA510EC1-D4D6-4BD7-AD9F-4C1CF3FF9B3B}"
EndProject
Project("{FAE04EC0-301F-11D3-BF4B-00C04F79EFBC}") = "Prados.Prism.iOS", "Prados.Prism\Prados.Prism.iOS\Prados.Prism.iOS.csproj", "{2FDFA4BC-4794-425C-81C7-CA1B028D0E54}"
EndProject
Project("{FAE04EC0-301F-11D3-BF4B-00C04F79EFBC}") = "Prados.Prism.UWP", "Prados.Prism\Prados.Prism.UWP\Prados.Prism.UWP.csproj", "{3548E825-CDEA-4061-9545-0C990E7C1B09}"
EndProject
Global
	GlobalSection(SolutionConfigurationPlatforms) = preSolution
		Ad-Hoc|Any CPU = Ad-Hoc|Any CPU
		Ad-Hoc|ARM = Ad-Hoc|ARM
		Ad-Hoc|iPhone = Ad-Hoc|iPhone
		Ad-Hoc|iPhoneSimulator = Ad-Hoc|iPhoneSimulator
		Ad-Hoc|x64 = Ad-Hoc|x64
		Ad-Hoc|x86 = Ad-Hoc|x86
		AppStore|Any CPU = AppStore|Any CPU
		AppStore|ARM = AppStore|ARM
		AppStore|iPhone = AppStore|iPhone
		AppStore|iPhoneSimulator = AppStore|iPhoneSimulator
		AppStore|x64 = AppStore|x64
		AppStore|x86 = AppStore|x86
		Debug|Any CPU = Debug|Any CPU
		Debug|ARM = Debug|ARM
		Debug|iPhone = Debug|iPhone
		Debug|iPhoneSimulator = Debug|iPhoneSimulator
		Debug|x64 = Debug|x64
		Debug|x86 = Debug|x86
		Release|Any CPU = Release|Any CPU
		Release|ARM = Release|ARM
		Release|iPhone = Release|iPhone
		Release|iPhoneSimulator = Release|iPhoneSimulator
		Release|x64 = Release|x64
		Release|x86 = Release|x86
	EndGlobalSection
	GlobalSection(ProjectConfigurationPlatforms) = postSolution
		{2450CAA0-61AF-41BE-BB1E-53D25A29BD24}.Ad-Hoc|Any CPU.ActiveCfg = Release|Any CPU
		{2450CAA0-61AF-41BE-BB1E-53D25A29BD24}.Ad-Hoc|Any CPU.Build.0 = Release|Any CPU
		{2450CAA0-61AF-41BE-BB1E-53D25A29BD24}.Ad-Hoc|ARM.ActiveCfg = Release|Any CPU
		{2450CAA0-61AF-41BE-BB1E-53D25A29BD24}.Ad-Hoc|ARM.Build.0 = Release|Any CPU
		{2450CAA0-61AF-41BE-BB1E-53D25A29BD24}.Ad-Hoc|iPhone.ActiveCfg = Release|Any CPU
		{2450CAA0-61AF-41BE-BB1E-53D25A29BD24}.Ad-Hoc|iPhone.Build.0 = Release|Any CPU
		{2450CAA0-61AF-41BE-BB1E-53D25A29BD24}.Ad-Hoc|iPhoneSimulator.ActiveCfg = Release|Any CPU
		{2450CAA0-61AF-41BE-BB1E-53D25A29BD24}.Ad-Hoc|iPhoneSimulator.Build.0 = Release|Any CPU
		{2450CAA0-61AF-41BE-BB1E-53D25A29BD24}.Ad-Hoc|x64.ActiveCfg = Release|Any CPU
		{2450CAA0-61AF-41BE-BB1E-53D25A29BD24}.Ad-Hoc|x64.Build.0 = Release|Any CPU
		{2450CAA0-61AF-41BE-BB1E-53D25A29BD24}.Ad-Hoc|x86.ActiveCfg = Release|Any CPU
		{2450CAA0-61AF-41BE-BB1E-53D25A29BD24}.Ad-Hoc|x86.Build.0 = Release|Any CPU
		{2450CAA0-61AF-41BE-BB1E-53D25A29BD24}.AppStore|Any CPU.ActiveCfg = Release|Any CPU
		{2450CAA0-61AF-41BE-BB1E-53D25A29BD24}.AppStore|Any CPU.Build.0 = Release|Any CPU
		{2450CAA0-61AF-41BE-BB1E-53D25A29BD24}.AppStore|ARM.ActiveCfg = Release|Any CPU
		{2450CAA0-61AF-41BE-BB1E-53D25A29BD24}.AppStore|ARM.Build.0 = Release|Any CPU
		{2450CAA0-61AF-41BE-BB1E-53D25A29BD24}.AppStore|iPhone.ActiveCfg = Release|Any CPU
		{2450CAA0-61AF-41BE-BB1E-53D25A29BD24}.AppStore|iPhone.Build.0 = Release|Any CPU
		{2450CAA0-61AF-41BE-BB1E-53D25A29BD24}.AppStore|iPhoneSimulator.ActiveCfg = Release|Any CPU
		{2450CAA0-61AF-41BE-BB1E-53D25A29BD24}.AppStore|iPhoneSimulator.Build.0 = Release|Any CPU
		{2450CAA0-61AF-41BE-BB1E-53D25A29BD24}.AppStore|x64.ActiveCfg = Release|Any CPU
		{2450CAA0-61AF-41BE-BB1E-53D25A29BD24}.AppStore|x64.Build.0 = Release|Any CPU
		{2450CAA0-61AF-41BE-BB1E-53D25A29BD24}.AppStore|x86.ActiveCfg = Release|Any CPU
		{2450CAA0-61AF-41BE-BB1E-53D25A29BD24}.AppStore|x86.Build.0 = Release|Any CPU
		{2450CAA0-61AF-41BE-BB1E-53D25A29BD24}.Debug|Any CPU.ActiveCfg = Debug|Any CPU
		{2450CAA0-61AF-41BE-BB1E-53D25A29BD24}.Debug|Any CPU.Build.0 = Debug|Any CPU
		{2450CAA0-61AF-41BE-BB1E-53D25A29BD24}.Debug|ARM.ActiveCfg = Debug|Any CPU
		{2450CAA0-61AF-41BE-BB1E-53D25A29BD24}.Debug|ARM.Build.0 = Debug|Any CPU
		{2450CAA0-61AF-41BE-BB1E-53D25A29BD24}.Debug|iPhone.ActiveCfg = Debug|Any CPU
		{2450CAA0-61AF-41BE-BB1E-53D25A29BD24}.Debug|iPhone.Build.0 = Debug|Any CPU
		{2450CAA0-61AF-41BE-BB1E-53D25A29BD24}.Debug|iPhoneSimulator.ActiveCfg = Debug|Any CPU
		{2450CAA0-61AF-41BE-BB1E-53D25A29BD24}.Debug|iPhoneSimulator.Build.0 = Debug|Any CPU
		{2450CAA0-61AF-41BE-BB1E-53D25A29BD24}.Debug|x64.ActiveCfg = Debug|Any CPU
		{2450CAA0-61AF-41BE-BB1E-53D25A29BD24}.Debug|x64.Build.0 = Debug|Any CPU
		{2450CAA0-61AF-41BE-BB1E-53D25A29BD24}.Debug|x86.ActiveCfg = Debug|Any CPU
		{2450CAA0-61AF-41BE-BB1E-53D25A29BD24}.Debug|x86.Build.0 = Debug|Any CPU
		{2450CAA0-61AF-41BE-BB1E-53D25A29BD24}.Release|Any CPU.ActiveCfg = Release|Any CPU
		{2450CAA0-61AF-41BE-BB1E-53D25A29BD24}.Release|Any CPU.Build.0 = Release|Any CPU
		{2450CAA0-61AF-41BE-BB1E-53D25A29BD24}.Release|ARM.ActiveCfg = Release|Any CPU
		{2450CAA0-61AF-41BE-BB1E-53D25A29BD24}.Release|ARM.Build.0 = Release|Any CPU
		{2450CAA0-61AF-41BE-BB1E-53D25A29BD24}.Release|iPhone.ActiveCfg = Release|Any CPU
		{2450CAA0-61AF-41BE-BB1E-53D25A29BD24}.Release|iPhone.Build.0 = Release|Any CPU
		{2450CAA0-61AF-41BE-BB1E-53D25A29BD24}.Release|iPhoneSimulator.ActiveCfg = Release|Any CPU
		{2450CAA0-61AF-41BE-BB1E-53D25A29BD24}.Release|iPhoneSimulator.Build.0 = Release|Any CPU
		{2450CAA0-61AF-41BE-BB1E-53D25A29BD24}.Release|x64.ActiveCfg = Release|Any CPU
		{2450CAA0-61AF-41BE-BB1E-53D25A29BD24}.Release|x64.Build.0 = Release|Any CPU
		{2450CAA0-61AF-41BE-BB1E-53D25A29BD24}.Release|x86.ActiveCfg = Release|Any CPU
		{2450CAA0-61AF-41BE-BB1E-53D25A29BD24}.Release|x86.Build.0 = Release|Any CPU
		{92DB8BC7-C973-4A5E-8293-567304766892}.Ad-Hoc|Any CPU.ActiveCfg = Release|Any CPU
		{92DB8BC7-C973-4A5E-8293-567304766892}.Ad-Hoc|Any CPU.Build.0 = Release|Any CPU
		{92DB8BC7-C973-4A5E-8293-567304766892}.Ad-Hoc|ARM.ActiveCfg = Release|Any CPU
		{92DB8BC7-C973-4A5E-8293-567304766892}.Ad-Hoc|ARM.Build.0 = Release|Any CPU
		{92DB8BC7-C973-4A5E-8293-567304766892}.Ad-Hoc|iPhone.ActiveCfg = Release|Any CPU
		{92DB8BC7-C973-4A5E-8293-567304766892}.Ad-Hoc|iPhone.Build.0 = Release|Any CPU
		{92DB8BC7-C973-4A5E-8293-567304766892}.Ad-Hoc|iPhoneSimulator.ActiveCfg = Release|Any CPU
		{92DB8BC7-C973-4A5E-8293-567304766892}.Ad-Hoc|iPhoneSimulator.Build.0 = Release|Any CPU
		{92DB8BC7-C973-4A5E-8293-567304766892}.Ad-Hoc|x64.ActiveCfg = Release|Any CPU
		{92DB8BC7-C973-4A5E-8293-567304766892}.Ad-Hoc|x64.Build.0 = Release|Any CPU
		{92DB8BC7-C973-4A5E-8293-567304766892}.Ad-Hoc|x86.ActiveCfg = Release|Any CPU
		{92DB8BC7-C973-4A5E-8293-567304766892}.Ad-Hoc|x86.Build.0 = Release|Any CPU
		{92DB8BC7-C973-4A5E-8293-567304766892}.AppStore|Any CPU.ActiveCfg = Release|Any CPU
		{92DB8BC7-C973-4A5E-8293-567304766892}.AppStore|Any CPU.Build.0 = Release|Any CPU
		{92DB8BC7-C973-4A5E-8293-567304766892}.AppStore|ARM.ActiveCfg = Release|Any CPU
		{92DB8BC7-C973-4A5E-8293-567304766892}.AppStore|ARM.Build.0 = Release|Any CPU
		{92DB8BC7-C973-4A5E-8293-567304766892}.AppStore|iPhone.ActiveCfg = Release|Any CPU
		{92DB8BC7-C973-4A5E-8293-567304766892}.AppStore|iPhone.Build.0 = Release|Any CPU
		{92DB8BC7-C973-4A5E-8293-567304766892}.AppStore|iPhoneSimulator.ActiveCfg = Release|Any CPU
		{92DB8BC7-C973-4A5E-8293-567304766892}.AppStore|iPhoneSimulator.Build.0 = Release|Any CPU
		{92DB8BC7-C973-4A5E-8293-567304766892}.AppStore|x64.ActiveCfg = Release|Any CPU
		{92DB8BC7-C973-4A5E-8293-567304766892}.AppStore|x64.Build.0 = Release|Any CPU
		{92DB8BC7-C973-4A5E-8293-567304766892}.AppStore|x86.ActiveCfg = Release|Any CPU
		{92DB8BC7-C973-4A5E-8293-567304766892}.AppStore|x86.Build.0 = Release|Any CPU
		{92DB8BC7-C973-4A5E-8293-567304766892}.Debug|Any CPU.ActiveCfg = Debug|Any CPU
		{92DB8BC7-C973-4A5E-8293-567304766892}.Debug|Any CPU.Build.0 = Debug|Any CPU
		{92DB8BC7-C973-4A5E-8293-567304766892}.Debug|ARM.ActiveCfg = Debug|Any CPU
		{92DB8BC7-C973-4A5E-8293-567304766892}.Debug|ARM.Build.0 = Debug|Any CPU
		{92DB8BC7-C973-4A5E-8293-567304766892}.Debug|iPhone.ActiveCfg = Debug|Any CPU
		{92DB8BC7-C973-4A5E-8293-567304766892}.Debug|iPhone.Build.0 = Debug|Any CPU
		{92DB8BC7-C973-4A5E-8293-567304766892}.Debug|iPhoneSimulator.ActiveCfg = Debug|Any CPU
		{92DB8BC7-C973-4A5E-8293-567304766892}.Debug|iPhoneSimulator.Build.0 = Debug|Any CPU
		{92DB8BC7-C973-4A5E-8293-567304766892}.Debug|x64.ActiveCfg = Debug|Any CPU
		{92DB8BC7-C973-4A5E-8293-567304766892}.Debug|x64.Build.0 = Debug|Any CPU
		{92DB8BC7-C973-4A5E-8293-567304766892}.Debug|x86.ActiveCfg = Debug|Any CPU
		{92DB8BC7-C973-4A5E-8293-567304766892}.Debug|x86.Build.0 = Debug|Any CPU
		{92DB8BC7-C973-4A5E-8293-567304766892}.Release|Any CPU.ActiveCfg = Release|Any CPU
		{92DB8BC7-C973-4A5E-8293-567304766892}.Release|Any CPU.Build.0 = Release|Any CPU
		{92DB8BC7-C973-4A5E-8293-567304766892}.Release|ARM.ActiveCfg = Release|Any CPU
		{92DB8BC7-C973-4A5E-8293-567304766892}.Release|ARM.Build.0 = Release|Any CPU
		{92DB8BC7-C973-4A5E-8293-567304766892}.Release|iPhone.ActiveCfg = Release|Any CPU
		{92DB8BC7-C973-4A5E-8293-567304766892}.Release|iPhone.Build.0 = Release|Any CPU
		{92DB8BC7-C973-4A5E-8293-567304766892}.Release|iPhoneSimulator.ActiveCfg = Release|Any CPU
		{92DB8BC7-C973-4A5E-8293-567304766892}.Release|iPhoneSimulator.Build.0 = Release|Any CPU
		{92DB8BC7-C973-4A5E-8293-567304766892}.Release|x64.ActiveCfg = Release|Any CPU
		{92DB8BC7-C973-4A5E-8293-567304766892}.Release|x64.Build.0 = Release|Any CPU
		{92DB8BC7-C973-4A5E-8293-567304766892}.Release|x86.ActiveCfg = Release|Any CPU
		{92DB8BC7-C973-4A5E-8293-567304766892}.Release|x86.Build.0 = Release|Any CPU
		{975C8C7C-4B58-42B2-AD23-A9966C02DA08}.Ad-Hoc|Any CPU.ActiveCfg = Debug|Any CPU
		{975C8C7C-4B58-42B2-AD23-A9966C02DA08}.Ad-Hoc|Any CPU.Build.0 = Debug|Any CPU
		{975C8C7C-4B58-42B2-AD23-A9966C02DA08}.Ad-Hoc|ARM.ActiveCfg = Debug|Any CPU
		{975C8C7C-4B58-42B2-AD23-A9966C02DA08}.Ad-Hoc|ARM.Build.0 = Debug|Any CPU
		{975C8C7C-4B58-42B2-AD23-A9966C02DA08}.Ad-Hoc|iPhone.ActiveCfg = Debug|Any CPU
		{975C8C7C-4B58-42B2-AD23-A9966C02DA08}.Ad-Hoc|iPhone.Build.0 = Debug|Any CPU
		{975C8C7C-4B58-42B2-AD23-A9966C02DA08}.Ad-Hoc|iPhoneSimulator.ActiveCfg = Debug|Any CPU
		{975C8C7C-4B58-42B2-AD23-A9966C02DA08}.Ad-Hoc|iPhoneSimulator.Build.0 = Debug|Any CPU
		{975C8C7C-4B58-42B2-AD23-A9966C02DA08}.Ad-Hoc|x64.ActiveCfg = Debug|Any CPU
		{975C8C7C-4B58-42B2-AD23-A9966C02DA08}.Ad-Hoc|x64.Build.0 = Debug|Any CPU
		{975C8C7C-4B58-42B2-AD23-A9966C02DA08}.Ad-Hoc|x86.ActiveCfg = Debug|Any CPU
		{975C8C7C-4B58-42B2-AD23-A9966C02DA08}.Ad-Hoc|x86.Build.0 = Debug|Any CPU
		{975C8C7C-4B58-42B2-AD23-A9966C02DA08}.AppStore|Any CPU.ActiveCfg = Debug|Any CPU
		{975C8C7C-4B58-42B2-AD23-A9966C02DA08}.AppStore|Any CPU.Build.0 = Debug|Any CPU
		{975C8C7C-4B58-42B2-AD23-A9966C02DA08}.AppStore|ARM.ActiveCfg = Debug|Any CPU
		{975C8C7C-4B58-42B2-AD23-A9966C02DA08}.AppStore|ARM.Build.0 = Debug|Any CPU
		{975C8C7C-4B58-42B2-AD23-A9966C02DA08}.AppStore|iPhone.ActiveCfg = Debug|Any CPU
		{975C8C7C-4B58-42B2-AD23-A9966C02DA08}.AppStore|iPhone.Build.0 = Debug|Any CPU
		{975C8C7C-4B58-42B2-AD23-A9966C02DA08}.AppStore|iPhoneSimulator.ActiveCfg = Debug|Any CPU
		{975C8C7C-4B58-42B2-AD23-A9966C02DA08}.AppStore|iPhoneSimulator.Build.0 = Debug|Any CPU
		{975C8C7C-4B58-42B2-AD23-A9966C02DA08}.AppStore|x64.ActiveCfg = Debug|Any CPU
		{975C8C7C-4B58-42B2-AD23-A9966C02DA08}.AppStore|x64.Build.0 = Debug|Any CPU
		{975C8C7C-4B58-42B2-AD23-A9966C02DA08}.AppStore|x86.ActiveCfg = Debug|Any CPU
		{975C8C7C-4B58-42B2-AD23-A9966C02DA08}.AppStore|x86.Build.0 = Debug|Any CPU
		{975C8C7C-4B58-42B2-AD23-A9966C02DA08}.Debug|Any CPU.ActiveCfg = Debug|Any CPU
		{975C8C7C-4B58-42B2-AD23-A9966C02DA08}.Debug|Any CPU.Build.0 = Debug|Any CPU
		{975C8C7C-4B58-42B2-AD23-A9966C02DA08}.Debug|ARM.ActiveCfg = Debug|Any CPU
		{975C8C7C-4B58-42B2-AD23-A9966C02DA08}.Debug|ARM.Build.0 = Debug|Any CPU
		{975C8C7C-4B58-42B2-AD23-A9966C02DA08}.Debug|iPhone.ActiveCfg = Debug|Any CPU
		{975C8C7C-4B58-42B2-AD23-A9966C02DA08}.Debug|iPhone.Build.0 = Debug|Any CPU
		{975C8C7C-4B58-42B2-AD23-A9966C02DA08}.Debug|iPhoneSimulator.ActiveCfg = Debug|Any CPU
		{975C8C7C-4B58-42B2-AD23-A9966C02DA08}.Debug|iPhoneSimulator.Build.0 = Debug|Any CPU
		{975C8C7C-4B58-42B2-AD23-A9966C02DA08}.Debug|x64.ActiveCfg = Debug|Any CPU
		{975C8C7C-4B58-42B2-AD23-A9966C02DA08}.Debug|x64.Build.0 = Debug|Any CPU
		{975C8C7C-4B58-42B2-AD23-A9966C02DA08}.Debug|x86.ActiveCfg = Debug|Any CPU
		{975C8C7C-4B58-42B2-AD23-A9966C02DA08}.Debug|x86.Build.0 = Debug|Any CPU
		{975C8C7C-4B58-42B2-AD23-A9966C02DA08}.Release|Any CPU.ActiveCfg = Release|Any CPU
		{975C8C7C-4B58-42B2-AD23-A9966C02DA08}.Release|Any CPU.Build.0 = Release|Any CPU
		{975C8C7C-4B58-42B2-AD23-A9966C02DA08}.Release|ARM.ActiveCfg = Release|Any CPU
		{975C8C7C-4B58-42B2-AD23-A9966C02DA08}.Release|ARM.Build.0 = Release|Any CPU
		{975C8C7C-4B58-42B2-AD23-A9966C02DA08}.Release|iPhone.ActiveCfg = Release|Any CPU
		{975C8C7C-4B58-42B2-AD23-A9966C02DA08}.Release|iPhone.Build.0 = Release|Any CPU
		{975C8C7C-4B58-42B2-AD23-A9966C02DA08}.Release|iPhoneSimulator.ActiveCfg = Release|Any CPU
		{975C8C7C-4B58-42B2-AD23-A9966C02DA08}.Release|iPhoneSimulator.Build.0 = Release|Any CPU
		{975C8C7C-4B58-42B2-AD23-A9966C02DA08}.Release|x64.ActiveCfg = Release|Any CPU
		{975C8C7C-4B58-42B2-AD23-A9966C02DA08}.Release|x64.Build.0 = Release|Any CPU
		{975C8C7C-4B58-42B2-AD23-A9966C02DA08}.Release|x86.ActiveCfg = Release|Any CPU
		{975C8C7C-4B58-42B2-AD23-A9966C02DA08}.Release|x86.Build.0 = Release|Any CPU
		{CA510EC1-D4D6-4BD7-AD9F-4C1CF3FF9B3B}.Ad-Hoc|Any CPU.ActiveCfg = Debug|Any CPU
		{CA510EC1-D4D6-4BD7-AD9F-4C1CF3FF9B3B}.Ad-Hoc|Any CPU.Build.0 = Debug|Any CPU
		{CA510EC1-D4D6-4BD7-AD9F-4C1CF3FF9B3B}.Ad-Hoc|Any CPU.Deploy.0 = Debug|Any CPU
		{CA510EC1-D4D6-4BD7-AD9F-4C1CF3FF9B3B}.Ad-Hoc|ARM.ActiveCfg = Debug|Any CPU
		{CA510EC1-D4D6-4BD7-AD9F-4C1CF3FF9B3B}.Ad-Hoc|ARM.Build.0 = Debug|Any CPU
		{CA510EC1-D4D6-4BD7-AD9F-4C1CF3FF9B3B}.Ad-Hoc|ARM.Deploy.0 = Debug|Any CPU
		{CA510EC1-D4D6-4BD7-AD9F-4C1CF3FF9B3B}.Ad-Hoc|iPhone.ActiveCfg = Debug|Any CPU
		{CA510EC1-D4D6-4BD7-AD9F-4C1CF3FF9B3B}.Ad-Hoc|iPhone.Build.0 = Debug|Any CPU
		{CA510EC1-D4D6-4BD7-AD9F-4C1CF3FF9B3B}.Ad-Hoc|iPhone.Deploy.0 = Debug|Any CPU
		{CA510EC1-D4D6-4BD7-AD9F-4C1CF3FF9B3B}.Ad-Hoc|iPhoneSimulator.ActiveCfg = Debug|Any CPU
		{CA510EC1-D4D6-4BD7-AD9F-4C1CF3FF9B3B}.Ad-Hoc|iPhoneSimulator.Build.0 = Debug|Any CPU
		{CA510EC1-D4D6-4BD7-AD9F-4C1CF3FF9B3B}.Ad-Hoc|iPhoneSimulator.Deploy.0 = Debug|Any CPU
		{CA510EC1-D4D6-4BD7-AD9F-4C1CF3FF9B3B}.Ad-Hoc|x64.ActiveCfg = Debug|Any CPU
		{CA510EC1-D4D6-4BD7-AD9F-4C1CF3FF9B3B}.Ad-Hoc|x64.Build.0 = Debug|Any CPU
		{CA510EC1-D4D6-4BD7-AD9F-4C1CF3FF9B3B}.Ad-Hoc|x64.Deploy.0 = Debug|Any CPU
		{CA510EC1-D4D6-4BD7-AD9F-4C1CF3FF9B3B}.Ad-Hoc|x86.ActiveCfg = Debug|Any CPU
		{CA510EC1-D4D6-4BD7-AD9F-4C1CF3FF9B3B}.Ad-Hoc|x86.Build.0 = Debug|Any CPU
		{CA510EC1-D4D6-4BD7-AD9F-4C1CF3FF9B3B}.Ad-Hoc|x86.Deploy.0 = Debug|Any CPU
		{CA510EC1-D4D6-4BD7-AD9F-4C1CF3FF9B3B}.AppStore|Any CPU.ActiveCfg = Debug|Any CPU
		{CA510EC1-D4D6-4BD7-AD9F-4C1CF3FF9B3B}.AppStore|Any CPU.Build.0 = Debug|Any CPU
		{CA510EC1-D4D6-4BD7-AD9F-4C1CF3FF9B3B}.AppStore|Any CPU.Deploy.0 = Debug|Any CPU
		{CA510EC1-D4D6-4BD7-AD9F-4C1CF3FF9B3B}.AppStore|ARM.ActiveCfg = Debug|Any CPU
		{CA510EC1-D4D6-4BD7-AD9F-4C1CF3FF9B3B}.AppStore|ARM.Build.0 = Debug|Any CPU
		{CA510EC1-D4D6-4BD7-AD9F-4C1CF3FF9B3B}.AppStore|ARM.Deploy.0 = Debug|Any CPU
		{CA510EC1-D4D6-4BD7-AD9F-4C1CF3FF9B3B}.AppStore|iPhone.ActiveCfg = Debug|Any CPU
		{CA510EC1-D4D6-4BD7-AD9F-4C1CF3FF9B3B}.AppStore|iPhone.Build.0 = Debug|Any CPU
		{CA510EC1-D4D6-4BD7-AD9F-4C1CF3FF9B3B}.AppStore|iPhone.Deploy.0 = Debug|Any CPU
		{CA510EC1-D4D6-4BD7-AD9F-4C1CF3FF9B3B}.AppStore|iPhoneSimulator.ActiveCfg = Debug|Any CPU
		{CA510EC1-D4D6-4BD7-AD9F-4C1CF3FF9B3B}.AppStore|iPhoneSimulator.Build.0 = Debug|Any CPU
		{CA510EC1-D4D6-4BD7-AD9F-4C1CF3FF9B3B}.AppStore|iPhoneSimulator.Deploy.0 = Debug|Any CPU
		{CA510EC1-D4D6-4BD7-AD9F-4C1CF3FF9B3B}.AppStore|x64.ActiveCfg = Debug|Any CPU
		{CA510EC1-D4D6-4BD7-AD9F-4C1CF3FF9B3B}.AppStore|x64.Build.0 = Debug|Any CPU
		{CA510EC1-D4D6-4BD7-AD9F-4C1CF3FF9B3B}.AppStore|x64.Deploy.0 = Debug|Any CPU
		{CA510EC1-D4D6-4BD7-AD9F-4C1CF3FF9B3B}.AppStore|x86.ActiveCfg = Debug|Any CPU
		{CA510EC1-D4D6-4BD7-AD9F-4C1CF3FF9B3B}.AppStore|x86.Build.0 = Debug|Any CPU
		{CA510EC1-D4D6-4BD7-AD9F-4C1CF3FF9B3B}.AppStore|x86.Deploy.0 = Debug|Any CPU
		{CA510EC1-D4D6-4BD7-AD9F-4C1CF3FF9B3B}.Debug|Any CPU.ActiveCfg = Debug|Any CPU
		{CA510EC1-D4D6-4BD7-AD9F-4C1CF3FF9B3B}.Debug|Any CPU.Build.0 = Debug|Any CPU
		{CA510EC1-D4D6-4BD7-AD9F-4C1CF3FF9B3B}.Debug|Any CPU.Deploy.0 = Debug|Any CPU
		{CA510EC1-D4D6-4BD7-AD9F-4C1CF3FF9B3B}.Debug|ARM.ActiveCfg = Debug|Any CPU
		{CA510EC1-D4D6-4BD7-AD9F-4C1CF3FF9B3B}.Debug|ARM.Build.0 = Debug|Any CPU
		{CA510EC1-D4D6-4BD7-AD9F-4C1CF3FF9B3B}.Debug|ARM.Deploy.0 = Debug|Any CPU
		{CA510EC1-D4D6-4BD7-AD9F-4C1CF3FF9B3B}.Debug|iPhone.ActiveCfg = Debug|Any CPU
		{CA510EC1-D4D6-4BD7-AD9F-4C1CF3FF9B3B}.Debug|iPhone.Build.0 = Debug|Any CPU
		{CA510EC1-D4D6-4BD7-AD9F-4C1CF3FF9B3B}.Debug|iPhone.Deploy.0 = Debug|Any CPU
		{CA510EC1-D4D6-4BD7-AD9F-4C1CF3FF9B3B}.Debug|iPhoneSimulator.ActiveCfg = Debug|Any CPU
		{CA510EC1-D4D6-4BD7-AD9F-4C1CF3FF9B3B}.Debug|iPhoneSimulator.Build.0 = Debug|Any CPU
		{CA510EC1-D4D6-4BD7-AD9F-4C1CF3FF9B3B}.Debug|iPhoneSimulator.Deploy.0 = Debug|Any CPU
		{CA510EC1-D4D6-4BD7-AD9F-4C1CF3FF9B3B}.Debug|x64.ActiveCfg = Debug|Any CPU
		{CA510EC1-D4D6-4BD7-AD9F-4C1CF3FF9B3B}.Debug|x64.Build.0 = Debug|Any CPU
		{CA510EC1-D4D6-4BD7-AD9F-4C1CF3FF9B3B}.Debug|x64.Deploy.0 = Debug|Any CPU
		{CA510EC1-D4D6-4BD7-AD9F-4C1CF3FF9B3B}.Debug|x86.ActiveCfg = Debug|Any CPU
		{CA510EC1-D4D6-4BD7-AD9F-4C1CF3FF9B3B}.Debug|x86.Build.0 = Debug|Any CPU
		{CA510EC1-D4D6-4BD7-AD9F-4C1CF3FF9B3B}.Debug|x86.Deploy.0 = Debug|Any CPU
		{CA510EC1-D4D6-4BD7-AD9F-4C1CF3FF9B3B}.Release|Any CPU.ActiveCfg = Release|Any CPU
		{CA510EC1-D4D6-4BD7-AD9F-4C1CF3FF9B3B}.Release|Any CPU.Build.0 = Release|Any CPU
		{CA510EC1-D4D6-4BD7-AD9F-4C1CF3FF9B3B}.Release|Any CPU.Deploy.0 = Release|Any CPU
		{CA510EC1-D4D6-4BD7-AD9F-4C1CF3FF9B3B}.Release|ARM.ActiveCfg = Release|Any CPU
		{CA510EC1-D4D6-4BD7-AD9F-4C1CF3FF9B3B}.Release|ARM.Build.0 = Release|Any CPU
		{CA510EC1-D4D6-4BD7-AD9F-4C1CF3FF9B3B}.Release|ARM.Deploy.0 = Release|Any CPU
		{CA510EC1-D4D6-4BD7-AD9F-4C1CF3FF9B3B}.Release|iPhone.ActiveCfg = Release|Any CPU
		{CA510EC1-D4D6-4BD7-AD9F-4C1CF3FF9B3B}.Release|iPhone.Build.0 = Release|Any CPU
		{CA510EC1-D4D6-4BD7-AD9F-4C1CF3FF9B3B}.Release|iPhone.Deploy.0 = Release|Any CPU
		{CA510EC1-D4D6-4BD7-AD9F-4C1CF3FF9B3B}.Release|iPhoneSimulator.ActiveCfg = Release|Any CPU
		{CA510EC1-D4D6-4BD7-AD9F-4C1CF3FF9B3B}.Release|iPhoneSimulator.Build.0 = Release|Any CPU
		{CA510EC1-D4D6-4BD7-AD9F-4C1CF3FF9B3B}.Release|iPhoneSimulator.Deploy.0 = Release|Any CPU
		{CA510EC1-D4D6-4BD7-AD9F-4C1CF3FF9B3B}.Release|x64.ActiveCfg = Release|Any CPU
		{CA510EC1-D4D6-4BD7-AD9F-4C1CF3FF9B3B}.Release|x64.Build.0 = Release|Any CPU
		{CA510EC1-D4D6-4BD7-AD9F-4C1CF3FF9B3B}.Release|x64.Deploy.0 = Release|Any CPU
		{CA510EC1-D4D6-4BD7-AD9F-4C1CF3FF9B3B}.Release|x86.ActiveCfg = Release|Any CPU
		{CA510EC1-D4D6-4BD7-AD9F-4C1CF3FF9B3B}.Release|x86.Build.0 = Release|Any CPU
		{CA510EC1-D4D6-4BD7-AD9F-4C1CF3FF9B3B}.Release|x86.Deploy.0 = Release|Any CPU
		{2FDFA4BC-4794-425C-81C7-CA1B028D0E54}.Ad-Hoc|Any CPU.ActiveCfg = Ad-Hoc|iPhoneSimulator
		{2FDFA4BC-4794-425C-81C7-CA1B028D0E54}.Ad-Hoc|ARM.ActiveCfg = Ad-Hoc|iPhoneSimulator
		{2FDFA4BC-4794-425C-81C7-CA1B028D0E54}.Ad-Hoc|iPhone.ActiveCfg = Ad-Hoc|iPhone
		{2FDFA4BC-4794-425C-81C7-CA1B028D0E54}.Ad-Hoc|iPhone.Build.0 = Ad-Hoc|iPhone
		{2FDFA4BC-4794-425C-81C7-CA1B028D0E54}.Ad-Hoc|iPhoneSimulator.ActiveCfg = Ad-Hoc|iPhoneSimulator
		{2FDFA4BC-4794-425C-81C7-CA1B028D0E54}.Ad-Hoc|iPhoneSimulator.Build.0 = Ad-Hoc|iPhoneSimulator
		{2FDFA4BC-4794-425C-81C7-CA1B028D0E54}.Ad-Hoc|x64.ActiveCfg = Ad-Hoc|iPhoneSimulator
		{2FDFA4BC-4794-425C-81C7-CA1B028D0E54}.Ad-Hoc|x86.ActiveCfg = Ad-Hoc|iPhoneSimulator
		{2FDFA4BC-4794-425C-81C7-CA1B028D0E54}.AppStore|Any CPU.ActiveCfg = AppStore|iPhoneSimulator
		{2FDFA4BC-4794-425C-81C7-CA1B028D0E54}.AppStore|ARM.ActiveCfg = AppStore|iPhoneSimulator
		{2FDFA4BC-4794-425C-81C7-CA1B028D0E54}.AppStore|iPhone.ActiveCfg = AppStore|iPhone
		{2FDFA4BC-4794-425C-81C7-CA1B028D0E54}.AppStore|iPhone.Build.0 = AppStore|iPhone
		{2FDFA4BC-4794-425C-81C7-CA1B028D0E54}.AppStore|iPhoneSimulator.ActiveCfg = AppStore|iPhoneSimulator
		{2FDFA4BC-4794-425C-81C7-CA1B028D0E54}.AppStore|iPhoneSimulator.Build.0 = AppStore|iPhoneSimulator
		{2FDFA4BC-4794-425C-81C7-CA1B028D0E54}.AppStore|x64.ActiveCfg = AppStore|iPhoneSimulator
		{2FDFA4BC-4794-425C-81C7-CA1B028D0E54}.AppStore|x86.ActiveCfg = AppStore|iPhoneSimulator
		{2FDFA4BC-4794-425C-81C7-CA1B028D0E54}.Debug|Any CPU.ActiveCfg = Debug|iPhoneSimulator
		{2FDFA4BC-4794-425C-81C7-CA1B028D0E54}.Debug|ARM.ActiveCfg = Debug|iPhoneSimulator
		{2FDFA4BC-4794-425C-81C7-CA1B028D0E54}.Debug|iPhone.ActiveCfg = Debug|iPhone
		{2FDFA4BC-4794-425C-81C7-CA1B028D0E54}.Debug|iPhone.Build.0 = Debug|iPhone
		{2FDFA4BC-4794-425C-81C7-CA1B028D0E54}.Debug|iPhoneSimulator.ActiveCfg = Debug|iPhoneSimulator
		{2FDFA4BC-4794-425C-81C7-CA1B028D0E54}.Debug|iPhoneSimulator.Build.0 = Debug|iPhoneSimulator
		{2FDFA4BC-4794-425C-81C7-CA1B028D0E54}.Debug|x64.ActiveCfg = Debug|iPhoneSimulator
		{2FDFA4BC-4794-425C-81C7-CA1B028D0E54}.Debug|x86.ActiveCfg = Debug|iPhoneSimulator
		{2FDFA4BC-4794-425C-81C7-CA1B028D0E54}.Release|Any CPU.ActiveCfg = Release|iPhoneSimulator
		{2FDFA4BC-4794-425C-81C7-CA1B028D0E54}.Release|ARM.ActiveCfg = Release|iPhoneSimulator
		{2FDFA4BC-4794-425C-81C7-CA1B028D0E54}.Release|iPhone.ActiveCfg = Release|iPhone
		{2FDFA4BC-4794-425C-81C7-CA1B028D0E54}.Release|iPhone.Build.0 = Release|iPhone
		{2FDFA4BC-4794-425C-81C7-CA1B028D0E54}.Release|iPhoneSimulator.ActiveCfg = Release|iPhoneSimulator
		{2FDFA4BC-4794-425C-81C7-CA1B028D0E54}.Release|iPhoneSimulator.Build.0 = Release|iPhoneSimulator
		{2FDFA4BC-4794-425C-81C7-CA1B028D0E54}.Release|x64.ActiveCfg = Release|iPhoneSimulator
		{2FDFA4BC-4794-425C-81C7-CA1B028D0E54}.Release|x86.ActiveCfg = Release|iPhoneSimulator
		{3548E825-CDEA-4061-9545-0C990E7C1B09}.Ad-Hoc|Any CPU.ActiveCfg = Debug|ARM
		{3548E825-CDEA-4061-9545-0C990E7C1B09}.Ad-Hoc|Any CPU.Build.0 = Debug|ARM
		{3548E825-CDEA-4061-9545-0C990E7C1B09}.Ad-Hoc|Any CPU.Deploy.0 = Debug|ARM
		{3548E825-CDEA-4061-9545-0C990E7C1B09}.Ad-Hoc|ARM.ActiveCfg = Debug|ARM
		{3548E825-CDEA-4061-9545-0C990E7C1B09}.Ad-Hoc|ARM.Build.0 = Debug|ARM
		{3548E825-CDEA-4061-9545-0C990E7C1B09}.Ad-Hoc|ARM.Deploy.0 = Debug|ARM
		{3548E825-CDEA-4061-9545-0C990E7C1B09}.Ad-Hoc|iPhone.ActiveCfg = Debug|ARM
		{3548E825-CDEA-4061-9545-0C990E7C1B09}.Ad-Hoc|iPhone.Build.0 = Debug|ARM
		{3548E825-CDEA-4061-9545-0C990E7C1B09}.Ad-Hoc|iPhone.Deploy.0 = Debug|ARM
		{3548E825-CDEA-4061-9545-0C990E7C1B09}.Ad-Hoc|iPhoneSimulator.ActiveCfg = Debug|ARM
		{3548E825-CDEA-4061-9545-0C990E7C1B09}.Ad-Hoc|iPhoneSimulator.Build.0 = Debug|ARM
		{3548E825-CDEA-4061-9545-0C990E7C1B09}.Ad-Hoc|iPhoneSimulator.Deploy.0 = Debug|ARM
		{3548E825-CDEA-4061-9545-0C990E7C1B09}.Ad-Hoc|x64.ActiveCfg = Debug|x64
		{3548E825-CDEA-4061-9545-0C990E7C1B09}.Ad-Hoc|x64.Build.0 = Debug|x64
		{3548E825-CDEA-4061-9545-0C990E7C1B09}.Ad-Hoc|x64.Deploy.0 = Debug|x64
		{3548E825-CDEA-4061-9545-0C990E7C1B09}.Ad-Hoc|x86.ActiveCfg = Debug|x86
		{3548E825-CDEA-4061-9545-0C990E7C1B09}.Ad-Hoc|x86.Build.0 = Debug|x86
		{3548E825-CDEA-4061-9545-0C990E7C1B09}.Ad-Hoc|x86.Deploy.0 = Debug|x86
		{3548E825-CDEA-4061-9545-0C990E7C1B09}.AppStore|Any CPU.ActiveCfg = Debug|ARM
		{3548E825-CDEA-4061-9545-0C990E7C1B09}.AppStore|Any CPU.Build.0 = Debug|ARM
		{3548E825-CDEA-4061-9545-0C990E7C1B09}.AppStore|Any CPU.Deploy.0 = Debug|ARM
		{3548E825-CDEA-4061-9545-0C990E7C1B09}.AppStore|ARM.ActiveCfg = Debug|ARM
		{3548E825-CDEA-4061-9545-0C990E7C1B09}.AppStore|ARM.Build.0 = Debug|ARM
		{3548E825-CDEA-4061-9545-0C990E7C1B09}.AppStore|ARM.Deploy.0 = Debug|ARM
		{3548E825-CDEA-4061-9545-0C990E7C1B09}.AppStore|iPhone.ActiveCfg = Debug|ARM
		{3548E825-CDEA-4061-9545-0C990E7C1B09}.AppStore|iPhone.Build.0 = Debug|ARM
		{3548E825-CDEA-4061-9545-0C990E7C1B09}.AppStore|iPhone.Deploy.0 = Debug|ARM
		{3548E825-CDEA-4061-9545-0C990E7C1B09}.AppStore|iPhoneSimulator.ActiveCfg = Debug|ARM
		{3548E825-CDEA-4061-9545-0C990E7C1B09}.AppStore|iPhoneSimulator.Build.0 = Debug|ARM
		{3548E825-CDEA-4061-9545-0C990E7C1B09}.AppStore|iPhoneSimulator.Deploy.0 = Debug|ARM
		{3548E825-CDEA-4061-9545-0C990E7C1B09}.AppStore|x64.ActiveCfg = Debug|x64
		{3548E825-CDEA-4061-9545-0C990E7C1B09}.AppStore|x64.Build.0 = Debug|x64
		{3548E825-CDEA-4061-9545-0C990E7C1B09}.AppStore|x64.Deploy.0 = Debug|x64
		{3548E825-CDEA-4061-9545-0C990E7C1B09}.AppStore|x86.ActiveCfg = Debug|x86
		{3548E825-CDEA-4061-9545-0C990E7C1B09}.AppStore|x86.Build.0 = Debug|x86
		{3548E825-CDEA-4061-9545-0C990E7C1B09}.AppStore|x86.Deploy.0 = Debug|x86
		{3548E825-CDEA-4061-9545-0C990E7C1B09}.Debug|Any CPU.ActiveCfg = Debug|x86
		{3548E825-CDEA-4061-9545-0C990E7C1B09}.Debug|ARM.ActiveCfg = Debug|ARM
		{3548E825-CDEA-4061-9545-0C990E7C1B09}.Debug|ARM.Build.0 = Debug|ARM
		{3548E825-CDEA-4061-9545-0C990E7C1B09}.Debug|ARM.Deploy.0 = Debug|ARM
		{3548E825-CDEA-4061-9545-0C990E7C1B09}.Debug|iPhone.ActiveCfg = Debug|x86
		{3548E825-CDEA-4061-9545-0C990E7C1B09}.Debug|iPhoneSimulator.ActiveCfg = Debug|x86
		{3548E825-CDEA-4061-9545-0C990E7C1B09}.Debug|x64.ActiveCfg = Debug|x64
		{3548E825-CDEA-4061-9545-0C990E7C1B09}.Debug|x64.Build.0 = Debug|x64
		{3548E825-CDEA-4061-9545-0C990E7C1B09}.Debug|x64.Deploy.0 = Debug|x64
		{3548E825-CDEA-4061-9545-0C990E7C1B09}.Debug|x86.ActiveCfg = Debug|x86
		{3548E825-CDEA-4061-9545-0C990E7C1B09}.Debug|x86.Build.0 = Debug|x86
		{3548E825-CDEA-4061-9545-0C990E7C1B09}.Debug|x86.Deploy.0 = Debug|x86
		{3548E825-CDEA-4061-9545-0C990E7C1B09}.Release|Any CPU.ActiveCfg = Release|x86
		{3548E825-CDEA-4061-9545-0C990E7C1B09}.Release|ARM.ActiveCfg = Release|ARM
		{3548E825-CDEA-4061-9545-0C990E7C1B09}.Release|ARM.Build.0 = Release|ARM
		{3548E825-CDEA-4061-9545-0C990E7C1B09}.Release|ARM.Deploy.0 = Release|ARM
		{3548E825-CDEA-4061-9545-0C990E7C1B09}.Release|iPhone.ActiveCfg = Release|x86
		{3548E825-CDEA-4061-9545-0C990E7C1B09}.Release|iPhoneSimulator.ActiveCfg = Release|x86
		{3548E825-CDEA-4061-9545-0C990E7C1B09}.Release|x64.ActiveCfg = Release|x64
		{3548E825-CDEA-4061-9545-0C990E7C1B09}.Release|x64.Build.0 = Release|x64
		{3548E825-CDEA-4061-9545-0C990E7C1B09}.Release|x64.Deploy.0 = Release|x64
		{3548E825-CDEA-4061-9545-0C990E7C1B09}.Release|x86.ActiveCfg = Release|x86
		{3548E825-CDEA-4061-9545-0C990E7C1B09}.Release|x86.Build.0 = Release|x86
		{3548E825-CDEA-4061-9545-0C990E7C1B09}.Release|x86.Deploy.0 = Release|x86
	EndGlobalSection
	GlobalSection(SolutionProperties) = preSolution
		HideSolutionNode = FALSE
	EndGlobalSection
	GlobalSection(ExtensibilityGlobals) = postSolution
		SolutionGuid = {7BED2BD3-1BD1-476E-801D-28E77BB2E0C8}
	EndGlobalSection
EndGlobal
